
Microsoft Visual Studio Solution File, Format Version 12.00
# Visual Studio 15
Project("{FAE04EC0-301F-11D3-BF4B-00C04F79EFBC}") = "Assembly-CSharp", "Assembly-CSharp.csproj", "{ADED8241-0182-45B2-5F30-696473EEC1ED}"
EndProject
Project("{FAE04EC0-301F-11D3-BF4B-00C04F79EFBC}") = "Assembly-CSharp-Editor", "Assembly-CSharp-Editor.csproj", "{BBB3FD70-A477-C2BA-9E90-6318E4A8BFE6}"
EndProject
Global
	GlobalSection(SolutionConfigurationPlatforms) = preSolution
		Debug|Any CPU = Debug|Any CPU
		Release|Any CPU = Release|Any CPU
	EndGlobalSection
	GlobalSection(ProjectConfigurationPlatforms) = postSolution
		{ADED8241-0182-45B2-5F30-696473EEC1ED}.Debug|Any CPU.ActiveCfg = Debug|Any CPU
		{ADED8241-0182-45B2-5F30-696473EEC1ED}.Debug|Any CPU.Build.0 = Debug|Any CPU
		{ADED8241-0182-45B2-5F30-696473EEC1ED}.Release|Any CPU.ActiveCfg = Release|Any CPU
		{ADED8241-0182-45B2-5F30-696473EEC1ED}.Release|Any CPU.Build.0 = Release|Any CPU
		{BBB3FD70-A477-C2BA-9E90-6318E4A8BFE6}.Debug|Any CPU.ActiveCfg = Debug|Any CPU
		{BBB3FD70-A477-C2BA-9E90-6318E4A8BFE6}.Debug|Any CPU.Build.0 = Debug|Any CPU
		{BBB3FD70-A477-C2BA-9E90-6318E4A8BFE6}.Release|Any CPU.ActiveCfg = Release|Any CPU
		{BBB3FD70-A477-C2BA-9E90-6318E4A8BFE6}.Release|Any CPU.Build.0 = Release|Any CPU
	EndGlobalSection
	GlobalSection(SolutionProperties) = preSolution
		HideSolutionNode = FALSE
	EndGlobalSection
EndGlobal
